github.com/google/pprof v0.0.0-20241210010833-40e02aabc2ad h1:a6HEuzUHeKH6hwfN/ZoQgRgVIWFJljSWa/zetS2WTvg=
github.com/google/pprof v0.0.0-20241210010833-40e02aabc2ad/go.mod h1:vavhavw2zAxS5dIdcRluK6cSGGPlZynqzFM8NdvU144=
google.golang.org/protobuf v1.36.2 h1:R8FeyR1/eLmkutZOM5CWghmo5itiG9z0ktFlTVLuTmU=
google.golang.org/protobuf v1.36.2/go.mod h1:9fA7Ob0pmnwhb644+1+CVWFRbNajQ6iRojtC/QF5bRE=
